
Microsoft Visual Studio Solution File, Format Version 12.00
# Visual Studio Version 17
VisualStudioVersion = 17.10.35027.167
MinimumVisualStudioVersion = 10.0.40219.1
Project("{FAE04EC0-301F-11D3-BF4B-00C04F79EFBC}") = "dai.api", "dai.api\dai.api.csproj", "{F8251895-7EC3-4CDD-B280-5ABBB894F8C3}"
EndProject
Project("{FAE04EC0-301F-11D3-BF4B-00C04F79EFBC}") = "dai.core", "dai.core\dai.core.csproj", "{8B1DDFD2-9E6E-4D55-BB3D-3A79970A9201}"
EndProject
Project("{FAE04EC0-301F-11D3-BF4B-00C04F79EFBC}") = "dai.dataAccess", "dai.dataAccess\dai.dataAccess.csproj", "{1C287F9F-388C-4947-9E9D-1A0AA23A137B}"
EndProject
Global
	GlobalSection(SolutionConfigurationPlatforms) = preSolution
		Debug|Any CPU = Debug|Any CPU
		Release|Any CPU = Release|Any CPU
	EndGlobalSection
	GlobalSection(ProjectConfigurationPlatforms) = postSolution
		{F8251895-7EC3-4CDD-B280-5ABBB894F8C3}.Debug|Any CPU.ActiveCfg = Debug|Any CPU
		{F8251895-7EC3-4CDD-B280-5ABBB894F8C3}.Debug|Any CPU.Build.0 = Debug|Any CPU
		{F8251895-7EC3-4CDD-B280-5ABBB894F8C3}.Release|Any CPU.ActiveCfg = Release|Any CPU
		{F8251895-7EC3-4CDD-B280-5ABBB894F8C3}.Release|Any CPU.Build.0 = Release|Any CPU
		{8B1DDFD2-9E6E-4D55-BB3D-3A79970A9201}.Debug|Any CPU.ActiveCfg = Debug|Any CPU
		{8B1DDFD2-9E6E-4D55-BB3D-3A79970A9201}.Debug|Any CPU.Build.0 = Debug|Any CPU
		{8B1DDFD2-9E6E-4D55-BB3D-3A79970A9201}.Release|Any CPU.ActiveCfg = Release|Any CPU
		{8B1DDFD2-9E6E-4D55-BB3D-3A79970A9201}.Release|Any CPU.Build.0 = Release|Any CPU
		{1C287F9F-388C-4947-9E9D-1A0AA23A137B}.Debug|Any CPU.ActiveCfg = Debug|Any CPU
		{1C287F9F-388C-4947-9E9D-1A0AA23A137B}.Debug|Any CPU.Build.0 = Debug|Any CPU
		{1C287F9F-388C-4947-9E9D-1A0AA23A137B}.Release|Any CPU.ActiveCfg = Release|Any CPU
		{1C287F9F-388C-4947-9E9D-1A0AA23A137B}.Release|Any CPU.Build.0 = Release|Any CPU
	EndGlobalSection
	GlobalSection(SolutionProperties) = preSolution
		HideSolutionNode = FALSE
	EndGlobalSection
	GlobalSection(ExtensibilityGlobals) = postSolution
		SolutionGuid = {FBE2EE6A-D1AC-4473-89EB-2508B00F0769}
	EndGlobalSection
EndGlobal
